
Microsoft Visual Studio Solution File, Format Version 12.00
# Visual Studio Version 17
VisualStudioVersion = 17.3.32825.248
MinimumVisualStudioVersion = 10.0.40219.1
Project("{FAE04EC0-301F-11D3-BF4B-00C04F79EFBC}") = "Aura8", "AuraProcessor\Aura8.csproj", "{99480D92-4E6A-46AA-A4CE-F481F4211871}"
EndProject
Global
	GlobalSection(SolutionConfigurationPlatforms) = preSolution
		Debug|Any CPU = Debug|Any CPU
		Release|Any CPU = Release|Any CPU
	EndGlobalSection
	GlobalSection(ProjectConfigurationPlatforms) = postSolution
		{99480D92-4E6A-46AA-A4CE-F481F4211871}.Debug|Any CPU.ActiveCfg = Debug|Any CPU
		{99480D92-4E6A-46AA-A4CE-F481F4211871}.Debug|Any CPU.Build.0 = Debug|Any CPU
		{99480D92-4E6A-46AA-A4CE-F481F4211871}.Release|Any CPU.ActiveCfg = Release|Any CPU
		{99480D92-4E6A-46AA-A4CE-F481F4211871}.Release|Any CPU.Build.0 = Release|Any CPU
	EndGlobalSection
	GlobalSection(SolutionProperties) = preSolution
		HideSolutionNode = FALSE
	EndGlobalSection
	GlobalSection(ExtensibilityGlobals) = postSolution
		SolutionGuid = {C0D76DD0-1AE7-450D-A46C-1EFFC3431049}
	EndGlobalSection
EndGlobal
